
Microsoft Visual Studio Solution File, Format Version 12.00
# Visual Studio Version 17
VisualStudioVersion = 17.4.33122.133
MinimumVisualStudioVersion = 10.0.40219.1
Project("{FAE04EC0-301F-11D3-BF4B-00C04F79EFBC}") = "additional_tasks_hw2", "additional_tasks_hw2.csproj", "{6DADD7A6-B7E8-47E3-AFEB-8CFFDD32B7F1}"
EndProject
Global
	GlobalSection(SolutionConfigurationPlatforms) = preSolution
		Debug|Any CPU = Debug|Any CPU
		Release|Any CPU = Release|Any CPU
	EndGlobalSection
	GlobalSection(ProjectConfigurationPlatforms) = postSolution
		{6DADD7A6-B7E8-47E3-AFEB-8CFFDD32B7F1}.Debug|Any CPU.ActiveCfg = Debug|Any CPU
		{6DADD7A6-B7E8-47E3-AFEB-8CFFDD32B7F1}.Debug|Any CPU.Build.0 = Debug|Any CPU
		{6DADD7A6-B7E8-47E3-AFEB-8CFFDD32B7F1}.Release|Any CPU.ActiveCfg = Release|Any CPU
		{6DADD7A6-B7E8-47E3-AFEB-8CFFDD32B7F1}.Release|Any CPU.Build.0 = Release|Any CPU
	EndGlobalSection
	GlobalSection(SolutionProperties) = preSolution
		HideSolutionNode = FALSE
	EndGlobalSection
	GlobalSection(ExtensibilityGlobals) = postSolution
		SolutionGuid = {4707970D-A6A4-4D6E-88F7-7D9768E94681}
	EndGlobalSection
EndGlobal
